
Microsoft Visual Studio Solution File, Format Version 12.00
# Visual Studio Version 17
VisualStudioVersion = 17.2.32616.157
MinimumVisualStudioVersion = 10.0.40219.1
Project("{FAE04EC0-301F-11D3-BF4B-00C04F79EFBC}") = "eklesilgüncelle", "eklesilgüncelle\eklesilgüncelle.csproj", "{68A5B19A-C234-443B-9EC3-FBF2D6BAD4BA}"
EndProject
Global
	GlobalSection(SolutionConfigurationPlatforms) = preSolution
		Debug|Any CPU = Debug|Any CPU
		Release|Any CPU = Release|Any CPU
	EndGlobalSection
	GlobalSection(ProjectConfigurationPlatforms) = postSolution
		{68A5B19A-C234-443B-9EC3-FBF2D6BAD4BA}.Debug|Any CPU.ActiveCfg = Debug|Any CPU
		{68A5B19A-C234-443B-9EC3-FBF2D6BAD4BA}.Debug|Any CPU.Build.0 = Debug|Any CPU
		{68A5B19A-C234-443B-9EC3-FBF2D6BAD4BA}.Release|Any CPU.ActiveCfg = Release|Any CPU
		{68A5B19A-C234-443B-9EC3-FBF2D6BAD4BA}.Release|Any CPU.Build.0 = Release|Any CPU
	EndGlobalSection
	GlobalSection(SolutionProperties) = preSolution
		HideSolutionNode = FALSE
	EndGlobalSection
	GlobalSection(ExtensibilityGlobals) = postSolution
		SolutionGuid = {CC191AA0-FC95-4629-A8E6-A0993778EFD0}
	EndGlobalSection
EndGlobal
